
Microsoft Visual Studio Solution File, Format Version 12.00
# Visual Studio 15
VisualStudioVersion = 15.0.28307.329
MinimumVisualStudioVersion = 10.0.40219.1
Project("{9A19103F-16F7-4668-BE54-9A1E7A4F7556}") = "CodeStoriesMLApp", "CodeStoriesMLApp\CodeStoriesMLApp.csproj", "{4CFE3BEE-7569-4B8F-ADE3-70D62359C167}"
EndProject
Project("{9A19103F-16F7-4668-BE54-9A1E7A4F7556}") = "CodeStoriesMLAppML.Model", "CodeStoriesMLAppML.Model\CodeStoriesMLAppML.Model.csproj", "{2C585058-6A54-418E-BF77-1B5685FDB3A1}"
EndProject
Project("{9A19103F-16F7-4668-BE54-9A1E7A4F7556}") = "CodeStoriesMLAppML.ConsoleApp", "CodeStoriesMLAppML.ConsoleApp\CodeStoriesMLAppML.ConsoleApp.csproj", "{8A09C510-0724-423D-9817-CEEBA3E36B72}"
EndProject
Global
	GlobalSection(SolutionConfigurationPlatforms) = preSolution
		Debug|Any CPU = Debug|Any CPU
		Release|Any CPU = Release|Any CPU
	EndGlobalSection
	GlobalSection(ProjectConfigurationPlatforms) = postSolution
		{4CFE3BEE-7569-4B8F-ADE3-70D62359C167}.Debug|Any CPU.ActiveCfg = Debug|Any CPU
		{4CFE3BEE-7569-4B8F-ADE3-70D62359C167}.Debug|Any CPU.Build.0 = Debug|Any CPU
		{4CFE3BEE-7569-4B8F-ADE3-70D62359C167}.Release|Any CPU.ActiveCfg = Release|Any CPU
		{4CFE3BEE-7569-4B8F-ADE3-70D62359C167}.Release|Any CPU.Build.0 = Release|Any CPU
		{2C585058-6A54-418E-BF77-1B5685FDB3A1}.Debug|Any CPU.ActiveCfg = Debug|Any CPU
		{2C585058-6A54-418E-BF77-1B5685FDB3A1}.Debug|Any CPU.Build.0 = Debug|Any CPU
		{2C585058-6A54-418E-BF77-1B5685FDB3A1}.Release|Any CPU.ActiveCfg = Release|Any CPU
		{2C585058-6A54-418E-BF77-1B5685FDB3A1}.Release|Any CPU.Build.0 = Release|Any CPU
		{8A09C510-0724-423D-9817-CEEBA3E36B72}.Debug|Any CPU.ActiveCfg = Debug|Any CPU
		{8A09C510-0724-423D-9817-CEEBA3E36B72}.Debug|Any CPU.Build.0 = Debug|Any CPU
		{8A09C510-0724-423D-9817-CEEBA3E36B72}.Release|Any CPU.ActiveCfg = Release|Any CPU
		{8A09C510-0724-423D-9817-CEEBA3E36B72}.Release|Any CPU.Build.0 = Release|Any CPU
	EndGlobalSection
	GlobalSection(SolutionProperties) = preSolution
		HideSolutionNode = FALSE
	EndGlobalSection
	GlobalSection(ExtensibilityGlobals) = postSolution
		SolutionGuid = {1D234360-61B4-4F11-AA25-88299C9DAFCA}
	EndGlobalSection
EndGlobal
